
Microsoft Visual Studio Solution File, Format Version 12.00
# Visual Studio Version 17
VisualStudioVersion = 17.3.32811.315
MinimumVisualStudioVersion = 10.0.40219.1
Project("{FAE04EC0-301F-11D3-BF4B-00C04F79EFBC}") = "System.IO.Extensions", "System.IO.Extensions\System.IO.Extensions.csproj", "{84B27943-FFBA-425A-B8A6-B62F3C8EF722}"
EndProject
Project("{FAE04EC0-301F-11D3-BF4B-00C04F79EFBC}") = "System.IO.Extensions.Tests", "System.IO.Extensions.Tests\System.IO.Extensions.Tests.csproj", "{6B5629D4-7307-4C79-96E7-3BB89785847E}"
EndProject
Global
	GlobalSection(SolutionConfigurationPlatforms) = preSolution
		Debug|Any CPU = Debug|Any CPU
		Release|Any CPU = Release|Any CPU
	EndGlobalSection
	GlobalSection(ProjectConfigurationPlatforms) = postSolution
		{84B27943-FFBA-425A-B8A6-B62F3C8EF722}.Debug|Any CPU.ActiveCfg = Debug|Any CPU
		{84B27943-FFBA-425A-B8A6-B62F3C8EF722}.Debug|Any CPU.Build.0 = Debug|Any CPU
		{84B27943-FFBA-425A-B8A6-B62F3C8EF722}.Release|Any CPU.ActiveCfg = Release|Any CPU
		{84B27943-FFBA-425A-B8A6-B62F3C8EF722}.Release|Any CPU.Build.0 = Release|Any CPU
		{6B5629D4-7307-4C79-96E7-3BB89785847E}.Debug|Any CPU.ActiveCfg = Debug|Any CPU
		{6B5629D4-7307-4C79-96E7-3BB89785847E}.Debug|Any CPU.Build.0 = Debug|Any CPU
		{6B5629D4-7307-4C79-96E7-3BB89785847E}.Release|Any CPU.ActiveCfg = Release|Any CPU
		{6B5629D4-7307-4C79-96E7-3BB89785847E}.Release|Any CPU.Build.0 = Release|Any CPU
	EndGlobalSection
	GlobalSection(SolutionProperties) = preSolution
		HideSolutionNode = FALSE
	EndGlobalSection
	GlobalSection(ExtensibilityGlobals) = postSolution
		SolutionGuid = {3CDDE8CE-E9EB-4EA6-94D9-E981C81FD595}
	EndGlobalSection
EndGlobal
